
Microsoft Visual Studio Solution File, Format Version 12.00
# Visual Studio 15
VisualStudioVersion = 15.0.28307.136
MinimumVisualStudioVersion = 10.0.40219.1
Project("{FAE04EC0-301F-11D3-BF4B-00C04F79EFBC}") = "App.Android", "App\App.Android\App.Android.csproj", "{B4A45838-3B91-4D48-B79B-88B7463FECB0}"
EndProject
Project("{FAE04EC0-301F-11D3-BF4B-00C04F79EFBC}") = "App.iOS", "App\App.iOS\App.iOS.csproj", "{E234EEB7-494A-487F-8508-177E87D67E49}"
EndProject
Project("{FAE04EC0-301F-11D3-BF4B-00C04F79EFBC}") = "App.UWP", "App\App.UWP\App.UWP.csproj", "{246D44F4-F05D-4532-A5DB-5229AA78DAA7}"
EndProject
Project("{FAE04EC0-301F-11D3-BF4B-00C04F79EFBC}") = "App", "App\App\App.csproj", "{5DEBAC87-4FD1-405F-8A90-EE382A971AD3}"
EndProject
Global
	GlobalSection(SolutionConfigurationPlatforms) = preSolution
		Ad-Hoc|Any CPU = Ad-Hoc|Any CPU
		Ad-Hoc|ARM = Ad-Hoc|ARM
		Ad-Hoc|iPhone = Ad-Hoc|iPhone
		Ad-Hoc|iPhoneSimulator = Ad-Hoc|iPhoneSimulator
		Ad-Hoc|x64 = Ad-Hoc|x64
		Ad-Hoc|x86 = Ad-Hoc|x86
		AppStore|Any CPU = AppStore|Any CPU
		AppStore|ARM = AppStore|ARM
		AppStore|iPhone = AppStore|iPhone
		AppStore|iPhoneSimulator = AppStore|iPhoneSimulator
		AppStore|x64 = AppStore|x64
		AppStore|x86 = AppStore|x86
		Debug|Any CPU = Debug|Any CPU
		Debug|ARM = Debug|ARM
		Debug|iPhone = Debug|iPhone
		Debug|iPhoneSimulator = Debug|iPhoneSimulator
		Debug|x64 = Debug|x64
		Debug|x86 = Debug|x86
		Release|Any CPU = Release|Any CPU
		Release|ARM = Release|ARM
		Release|iPhone = Release|iPhone
		Release|iPhoneSimulator = Release|iPhoneSimulator
		Release|x64 = Release|x64
		Release|x86 = Release|x86
	EndGlobalSection
	GlobalSection(ProjectConfigurationPlatforms) = postSolution
		{B4A45838-3B91-4D48-B79B-88B7463FECB0}.Ad-Hoc|Any CPU.ActiveCfg = Release|Any CPU
		{B4A45838-3B91-4D48-B79B-88B7463FECB0}.Ad-Hoc|Any CPU.Build.0 = Release|Any CPU
		{B4A45838-3B91-4D48-B79B-88B7463FECB0}.Ad-Hoc|Any CPU.Deploy.0 = Release|Any CPU
		{B4A45838-3B91-4D48-B79B-88B7463FECB0}.Ad-Hoc|ARM.ActiveCfg = Release|Any CPU
		{B4A45838-3B91-4D48-B79B-88B7463FECB0}.Ad-Hoc|ARM.Build.0 = Release|Any CPU
		{B4A45838-3B91-4D48-B79B-88B7463FECB0}.Ad-Hoc|ARM.Deploy.0 = Release|Any CPU
		{B4A45838-3B91-4D48-B79B-88B7463FECB0}.Ad-Hoc|iPhone.ActiveCfg = Release|Any CPU
		{B4A45838-3B91-4D48-B79B-88B7463FECB0}.Ad-Hoc|iPhone.Build.0 = Release|Any CPU
		{B4A45838-3B91-4D48-B79B-88B7463FECB0}.Ad-Hoc|iPhone.Deploy.0 = Release|Any CPU
		{B4A45838-3B91-4D48-B79B-88B7463FECB0}.Ad-Hoc|iPhoneSimulator.ActiveCfg = Release|Any CPU
		{B4A45838-3B91-4D48-B79B-88B7463FECB0}.Ad-Hoc|iPhoneSimulator.Build.0 = Release|Any CPU
		{B4A45838-3B91-4D48-B79B-88B7463FECB0}.Ad-Hoc|iPhoneSimulator.Deploy.0 = Release|Any CPU
		{B4A45838-3B91-4D48-B79B-88B7463FECB0}.Ad-Hoc|x64.ActiveCfg = Release|Any CPU
		{B4A45838-3B91-4D48-B79B-88B7463FECB0}.Ad-Hoc|x64.Build.0 = Release|Any CPU
		{B4A45838-3B91-4D48-B79B-88B7463FECB0}.Ad-Hoc|x64.Deploy.0 = Release|Any CPU
		{B4A45838-3B91-4D48-B79B-88B7463FECB0}.Ad-Hoc|x86.ActiveCfg = Release|Any CPU
		{B4A45838-3B91-4D48-B79B-88B7463FECB0}.Ad-Hoc|x86.Build.0 = Release|Any CPU
		{B4A45838-3B91-4D48-B79B-88B7463FECB0}.Ad-Hoc|x86.Deploy.0 = Release|Any CPU
		{B4A45838-3B91-4D48-B79B-88B7463FECB0}.AppStore|Any CPU.ActiveCfg = Release|Any CPU
		{B4A45838-3B91-4D48-B79B-88B7463FECB0}.AppStore|Any CPU.Build.0 = Release|Any CPU
		{B4A45838-3B91-4D48-B79B-88B7463FECB0}.AppStore|Any CPU.Deploy.0 = Release|Any CPU
		{B4A45838-3B91-4D48-B79B-88B7463FECB0}.AppStore|ARM.ActiveCfg = Release|Any CPU
		{B4A45838-3B91-4D48-B79B-88B7463FECB0}.AppStore|ARM.Build.0 = Release|Any CPU
		{B4A45838-3B91-4D48-B79B-88B7463FECB0}.AppStore|ARM.Deploy.0 = Release|Any CPU
		{B4A45838-3B91-4D48-B79B-88B7463FECB0}.AppStore|iPhone.ActiveCfg = Release|Any CPU
		{B4A45838-3B91-4D48-B79B-88B7463FECB0}.AppStore|iPhone.Build.0 = Release|Any CPU
		{B4A45838-3B91-4D48-B79B-88B7463FECB0}.AppStore|iPhone.Deploy.0 = Release|Any CPU
		{B4A45838-3B91-4D48-B79B-88B7463FECB0}.AppStore|iPhoneSimulator.ActiveCfg = Release|Any CPU
		{B4A45838-3B91-4D48-B79B-88B7463FECB0}.AppStore|iPhoneSimulator.Build.0 = Release|Any CPU
		{B4A45838-3B91-4D48-B79B-88B7463FECB0}.AppStore|iPhoneSimulator.Deploy.0 = Release|Any CPU
		{B4A45838-3B91-4D48-B79B-88B7463FECB0}.AppStore|x64.ActiveCfg = Release|Any CPU
		{B4A45838-3B91-4D48-B79B-88B7463FECB0}.AppStore|x64.Build.0 = Release|Any CPU
		{B4A45838-3B91-4D48-B79B-88B7463FECB0}.AppStore|x64.Deploy.0 = Release|Any CPU
		{B4A45838-3B91-4D48-B79B-88B7463FECB0}.AppStore|x86.ActiveCfg = Release|Any CPU
		{B4A45838-3B91-4D48-B79B-88B7463FECB0}.AppStore|x86.Build.0 = Release|Any CPU
		{B4A45838-3B91-4D48-B79B-88B7463FECB0}.AppStore|x86.Deploy.0 = Release|Any CPU
		{B4A45838-3B91-4D48-B79B-88B7463FECB0}.Debug|Any CPU.ActiveCfg = Debug|Any CPU
		{B4A45838-3B91-4D48-B79B-88B7463FECB0}.Debug|Any CPU.Build.0 = Debug|Any CPU
		{B4A45838-3B91-4D48-B79B-88B7463FECB0}.Debug|Any CPU.Deploy.0 = Debug|Any CPU
		{B4A45838-3B91-4D48-B79B-88B7463FECB0}.Debug|ARM.ActiveCfg = Debug|Any CPU
		{B4A45838-3B91-4D48-B79B-88B7463FECB0}.Debug|ARM.Build.0 = Debug|Any CPU
		{B4A45838-3B91-4D48-B79B-88B7463FECB0}.Debug|ARM.Deploy.0 = Debug|Any CPU
		{B4A45838-3B91-4D48-B79B-88B7463FECB0}.Debug|iPhone.ActiveCfg = Debug|Any CPU
		{B4A45838-3B91-4D48-B79B-88B7463FECB0}.Debug|iPhone.Build.0 = Debug|Any CPU
		{B4A45838-3B91-4D48-B79B-88B7463FECB0}.Debug|iPhone.Deploy.0 = Debug|Any CPU
		{B4A45838-3B91-4D48-B79B-88B7463FECB0}.Debug|iPhoneSimulator.ActiveCfg = Debug|Any CPU
		{B4A45838-3B91-4D48-B79B-88B7463FECB0}.Debug|iPhoneSimulator.Build.0 = Debug|Any CPU
		{B4A45838-3B91-4D48-B79B-88B7463FECB0}.Debug|iPhoneSimulator.Deploy.0 = Debug|Any CPU
		{B4A45838-3B91-4D48-B79B-88B7463FECB0}.Debug|x64.ActiveCfg = Debug|Any CPU
		{B4A45838-3B91-4D48-B79B-88B7463FECB0}.Debug|x64.Build.0 = Debug|Any CPU
		{B4A45838-3B91-4D48-B79B-88B7463FECB0}.Debug|x64.Deploy.0 = Debug|Any CPU
		{B4A45838-3B91-4D48-B79B-88B7463FECB0}.Debug|x86.ActiveCfg = Debug|Any CPU
		{B4A45838-3B91-4D48-B79B-88B7463FECB0}.Debug|x86.Build.0 = Debug|Any CPU
		{B4A45838-3B91-4D48-B79B-88B7463FECB0}.Debug|x86.Deploy.0 = Debug|Any CPU
		{B4A45838-3B91-4D48-B79B-88B7463FECB0}.Release|Any CPU.ActiveCfg = Release|Any CPU
		{B4A45838-3B91-4D48-B79B-88B7463FECB0}.Release|Any CPU.Build.0 = Release|Any CPU
		{B4A45838-3B91-4D48-B79B-88B7463FECB0}.Release|Any CPU.Deploy.0 = Release|Any CPU
		{B4A45838-3B91-4D48-B79B-88B7463FECB0}.Release|ARM.ActiveCfg = Release|Any CPU
		{B4A45838-3B91-4D48-B79B-88B7463FECB0}.Release|ARM.Build.0 = Release|Any CPU
		{B4A45838-3B91-4D48-B79B-88B7463FECB0}.Release|ARM.Deploy.0 = Release|Any CPU
		{B4A45838-3B91-4D48-B79B-88B7463FECB0}.Release|iPhone.ActiveCfg = Release|Any CPU
		{B4A45838-3B91-4D48-B79B-88B7463FECB0}.Release|iPhone.Build.0 = Release|Any CPU
		{B4A45838-3B91-4D48-B79B-88B7463FECB0}.Release|iPhone.Deploy.0 = Release|Any CPU
		{B4A45838-3B91-4D48-B79B-88B7463FECB0}.Release|iPhoneSimulator.ActiveCfg = Release|Any CPU
		{B4A45838-3B91-4D48-B79B-88B7463FECB0}.Release|iPhoneSimulator.Build.0 = Release|Any CPU
		{B4A45838-3B91-4D48-B79B-88B7463FECB0}.Release|iPhoneSimulator.Deploy.0 = Release|Any CPU
		{B4A45838-3B91-4D48-B79B-88B7463FECB0}.Release|x64.ActiveCfg = Release|Any CPU
		{B4A45838-3B91-4D48-B79B-88B7463FECB0}.Release|x64.Build.0 = Release|Any CPU
		{B4A45838-3B91-4D48-B79B-88B7463FECB0}.Release|x64.Deploy.0 = Release|Any CPU
		{B4A45838-3B91-4D48-B79B-88B7463FECB0}.Release|x86.ActiveCfg = Release|Any CPU
		{B4A45838-3B91-4D48-B79B-88B7463FECB0}.Release|x86.Build.0 = Release|Any CPU
		{B4A45838-3B91-4D48-B79B-88B7463FECB0}.Release|x86.Deploy.0 = Release|Any CPU
		{E234EEB7-494A-487F-8508-177E87D67E49}.Ad-Hoc|Any CPU.ActiveCfg = Ad-Hoc|iPhone
		{E234EEB7-494A-487F-8508-177E87D67E49}.Ad-Hoc|Any CPU.Build.0 = Ad-Hoc|iPhone
		{E234EEB7-494A-487F-8508-177E87D67E49}.Ad-Hoc|Any CPU.Deploy.0 = Ad-Hoc|iPhone
		{E234EEB7-494A-487F-8508-177E87D67E49}.Ad-Hoc|ARM.ActiveCfg = Ad-Hoc|iPhone
		{E234EEB7-494A-487F-8508-177E87D67E49}.Ad-Hoc|ARM.Build.0 = Ad-Hoc|iPhone
		{E234EEB7-494A-487F-8508-177E87D67E49}.Ad-Hoc|ARM.Deploy.0 = Ad-Hoc|iPhone
		{E234EEB7-494A-487F-8508-177E87D67E49}.Ad-Hoc|iPhone.ActiveCfg = Ad-Hoc|iPhone
		{E234EEB7-494A-487F-8508-177E87D67E49}.Ad-Hoc|iPhone.Build.0 = Ad-Hoc|iPhone
		{E234EEB7-494A-487F-8508-177E87D67E49}.Ad-Hoc|iPhone.Deploy.0 = Ad-Hoc|iPhone
		{E234EEB7-494A-487F-8508-177E87D67E49}.Ad-Hoc|iPhoneSimulator.ActiveCfg = Ad-Hoc|iPhoneSimulator
		{E234EEB7-494A-487F-8508-177E87D67E49}.Ad-Hoc|iPhoneSimulator.Build.0 = Ad-Hoc|iPhoneSimulator
		{E234EEB7-494A-487F-8508-177E87D67E49}.Ad-Hoc|iPhoneSimulator.Deploy.0 = Ad-Hoc|iPhoneSimulator
		{E234EEB7-494A-487F-8508-177E87D67E49}.Ad-Hoc|x64.ActiveCfg = Ad-Hoc|iPhone
		{E234EEB7-494A-487F-8508-177E87D67E49}.Ad-Hoc|x64.Build.0 = Ad-Hoc|iPhone
		{E234EEB7-494A-487F-8508-177E87D67E49}.Ad-Hoc|x64.Deploy.0 = Ad-Hoc|iPhone
		{E234EEB7-494A-487F-8508-177E87D67E49}.Ad-Hoc|x86.ActiveCfg = Ad-Hoc|iPhone
		{E234EEB7-494A-487F-8508-177E87D67E49}.Ad-Hoc|x86.Build.0 = Ad-Hoc|iPhone
		{E234EEB7-494A-487F-8508-177E87D67E49}.Ad-Hoc|x86.Deploy.0 = Ad-Hoc|iPhone
		{E234EEB7-494A-487F-8508-177E87D67E49}.AppStore|Any CPU.ActiveCfg = AppStore|iPhone
		{E234EEB7-494A-487F-8508-177E87D67E49}.AppStore|Any CPU.Build.0 = AppStore|iPhone
		{E234EEB7-494A-487F-8508-177E87D67E49}.AppStore|Any CPU.Deploy.0 = AppStore|iPhone
		{E234EEB7-494A-487F-8508-177E87D67E49}.AppStore|ARM.ActiveCfg = AppStore|iPhone
		{E234EEB7-494A-487F-8508-177E87D67E49}.AppStore|ARM.Build.0 = AppStore|iPhone
		{E234EEB7-494A-487F-8508-177E87D67E49}.AppStore|ARM.Deploy.0 = AppStore|iPhone
		{E234EEB7-494A-487F-8508-177E87D67E49}.AppStore|iPhone.ActiveCfg = AppStore|iPhone
		{E234EEB7-494A-487F-8508-177E87D67E49}.AppStore|iPhone.Build.0 = AppStore|iPhone
		{E234EEB7-494A-487F-8508-177E87D67E49}.AppStore|iPhone.Deploy.0 = AppStore|iPhone
		{E234EEB7-494A-487F-8508-177E87D67E49}.AppStore|iPhoneSimulator.ActiveCfg = AppStore|iPhoneSimulator
		{E234EEB7-494A-487F-8508-177E87D67E49}.AppStore|iPhoneSimulator.Build.0 = AppStore|iPhoneSimulator
		{E234EEB7-494A-487F-8508-177E87D67E49}.AppStore|iPhoneSimulator.Deploy.0 = AppStore|iPhoneSimulator
		{E234EEB7-494A-487F-8508-177E87D67E49}.AppStore|x64.ActiveCfg = AppStore|iPhone
		{E234EEB7-494A-487F-8508-177E87D67E49}.AppStore|x64.Build.0 = AppStore|iPhone
		{E234EEB7-494A-487F-8508-177E87D67E49}.AppStore|x64.Deploy.0 = AppStore|iPhone
		{E234EEB7-494A-487F-8508-177E87D67E49}.AppStore|x86.ActiveCfg = AppStore|iPhone
		{E234EEB7-494A-487F-8508-177E87D67E49}.AppStore|x86.Build.0 = AppStore|iPhone
		{E234EEB7-494A-487F-8508-177E87D67E49}.AppStore|x86.Deploy.0 = AppStore|iPhone
		{E234EEB7-494A-487F-8508-177E87D67E49}.Debug|Any CPU.ActiveCfg = Debug|iPhoneSimulator
		{E234EEB7-494A-487F-8508-177E87D67E49}.Debug|Any CPU.Build.0 = Debug|iPhoneSimulator
		{E234EEB7-494A-487F-8508-177E87D67E49}.Debug|Any CPU.Deploy.0 = Debug|iPhoneSimulator
		{E234EEB7-494A-487F-8508-177E87D67E49}.Debug|ARM.ActiveCfg = Debug|iPhone
		{E234EEB7-494A-487F-8508-177E87D67E49}.Debug|ARM.Build.0 = Debug|iPhone
		{E234EEB7-494A-487F-8508-177E87D67E49}.Debug|ARM.Deploy.0 = Debug|iPhone
		{E234EEB7-494A-487F-8508-177E87D67E49}.Debug|iPhone.ActiveCfg = Debug|iPhone
		{E234EEB7-494A-487F-8508-177E87D67E49}.Debug|iPhone.Build.0 = Debug|iPhone
		{E234EEB7-494A-487F-8508-177E87D67E49}.Debug|iPhone.Deploy.0 = Debug|iPhone
		{E234EEB7-494A-487F-8508-177E87D67E49}.Debug|iPhoneSimulator.ActiveCfg = Debug|iPhoneSimulator
		{E234EEB7-494A-487F-8508-177E87D67E49}.Debug|iPhoneSimulator.Build.0 = Debug|iPhoneSimulator
		{E234EEB7-494A-487F-8508-177E87D67E49}.Debug|iPhoneSimulator.Deploy.0 = Debug|iPhoneSimulator
		{E234EEB7-494A-487F-8508-177E87D67E49}.Debug|x64.ActiveCfg = Debug|iPhone
		{E234EEB7-494A-487F-8508-177E87D67E49}.Debug|x64.Build.0 = Debug|iPhone
		{E234EEB7-494A-487F-8508-177E87D67E49}.Debug|x64.Deploy.0 = Debug|iPhone
		{E234EEB7-494A-487F-8508-177E87D67E49}.Debug|x86.ActiveCfg = Debug|iPhone
		{E234EEB7-494A-487F-8508-177E87D67E49}.Debug|x86.Build.0 = Debug|iPhone
		{E234EEB7-494A-487F-8508-177E87D67E49}.Debug|x86.Deploy.0 = Debug|iPhone
		{E234EEB7-494A-487F-8508-177E87D67E49}.Release|Any CPU.ActiveCfg = Release|iPhone
		{E234EEB7-494A-487F-8508-177E87D67E49}.Release|Any CPU.Build.0 = Release|iPhone
		{E234EEB7-494A-487F-8508-177E87D67E49}.Release|Any CPU.Deploy.0 = Release|iPhone
		{E234EEB7-494A-487F-8508-177E87D67E49}.Release|ARM.ActiveCfg = Release|iPhone
		{E234EEB7-494A-487F-8508-177E87D67E49}.Release|ARM.Build.0 = Release|iPhone
		{E234EEB7-494A-487F-8508-177E87D67E49}.Release|ARM.Deploy.0 = Release|iPhone
		{E234EEB7-494A-487F-8508-177E87D67E49}.Release|iPhone.ActiveCfg = Release|iPhone
		{E234EEB7-494A-487F-8508-177E87D67E49}.Release|iPhone.Build.0 = Release|iPhone
		{E234EEB7-494A-487F-8508-177E87D67E49}.Release|iPhone.Deploy.0 = Release|iPhone
		{E234EEB7-494A-487F-8508-177E87D67E49}.Release|iPhoneSimulator.ActiveCfg = Release|iPhoneSimulator
		{E234EEB7-494A-487F-8508-177E87D67E49}.Release|iPhoneSimulator.Build.0 = Release|iPhoneSimulator
		{E234EEB7-494A-487F-8508-177E87D67E49}.Release|iPhoneSimulator.Deploy.0 = Release|iPhoneSimulator
		{E234EEB7-494A-487F-8508-177E87D67E49}.Release|x64.ActiveCfg = Release|iPhone
		{E234EEB7-494A-487F-8508-177E87D67E49}.Release|x64.Build.0 = Release|iPhone
		{E234EEB7-494A-487F-8508-177E87D67E49}.Release|x64.Deploy.0 = Release|iPhone
		{E234EEB7-494A-487F-8508-177E87D67E49}.Release|x86.ActiveCfg = Release|iPhone
		{E234EEB7-494A-487F-8508-177E87D67E49}.Release|x86.Build.0 = Release|iPhone
		{E234EEB7-494A-487F-8508-177E87D67E49}.Release|x86.Deploy.0 = Release|iPhone
		{246D44F4-F05D-4532-A5DB-5229AA78DAA7}.Ad-Hoc|Any CPU.ActiveCfg = Release|x86
		{246D44F4-F05D-4532-A5DB-5229AA78DAA7}.Ad-Hoc|Any CPU.Build.0 = Release|x86
		{246D44F4-F05D-4532-A5DB-5229AA78DAA7}.Ad-Hoc|Any CPU.Deploy.0 = Release|x86
		{246D44F4-F05D-4532-A5DB-5229AA78DAA7}.Ad-Hoc|ARM.ActiveCfg = Release|ARM
		{246D44F4-F05D-4532-A5DB-5229AA78DAA7}.Ad-Hoc|ARM.Build.0 = Release|ARM
		{246D44F4-F05D-4532-A5DB-5229AA78DAA7}.Ad-Hoc|ARM.Deploy.0 = Release|ARM
		{246D44F4-F05D-4532-A5DB-5229AA78DAA7}.Ad-Hoc|iPhone.ActiveCfg = Release|x86
		{246D44F4-F05D-4532-A5DB-5229AA78DAA7}.Ad-Hoc|iPhone.Build.0 = Release|x86
		{246D44F4-F05D-4532-A5DB-5229AA78DAA7}.Ad-Hoc|iPhone.Deploy.0 = Release|x86
		{246D44F4-F05D-4532-A5DB-5229AA78DAA7}.Ad-Hoc|iPhoneSimulator.ActiveCfg = Release|x86
		{246D44F4-F05D-4532-A5DB-5229AA78DAA7}.Ad-Hoc|iPhoneSimulator.Build.0 = Release|x86
		{246D44F4-F05D-4532-A5DB-5229AA78DAA7}.Ad-Hoc|iPhoneSimulator.Deploy.0 = Release|x86
		{246D44F4-F05D-4532-A5DB-5229AA78DAA7}.Ad-Hoc|x64.ActiveCfg = Release|x64
		{246D44F4-F05D-4532-A5DB-5229AA78DAA7}.Ad-Hoc|x64.Build.0 = Release|x64
		{246D44F4-F05D-4532-A5DB-5229AA78DAA7}.Ad-Hoc|x64.Deploy.0 = Release|x64
		{246D44F4-F05D-4532-A5DB-5229AA78DAA7}.Ad-Hoc|x86.ActiveCfg = Release|x86
		{246D44F4-F05D-4532-A5DB-5229AA78DAA7}.Ad-Hoc|x86.Build.0 = Release|x86
		{246D44F4-F05D-4532-A5DB-5229AA78DAA7}.Ad-Hoc|x86.Deploy.0 = Release|x86
		{246D44F4-F05D-4532-A5DB-5229AA78DAA7}.AppStore|Any CPU.ActiveCfg = Release|x86
		{246D44F4-F05D-4532-A5DB-5229AA78DAA7}.AppStore|Any CPU.Build.0 = Release|x86
		{246D44F4-F05D-4532-A5DB-5229AA78DAA7}.AppStore|Any CPU.Deploy.0 = Release|x86
		{246D44F4-F05D-4532-A5DB-5229AA78DAA7}.AppStore|ARM.ActiveCfg = Release|ARM
		{246D44F4-F05D-4532-A5DB-5229AA78DAA7}.AppStore|ARM.Build.0 = Release|ARM
		{246D44F4-F05D-4532-A5DB-5229AA78DAA7}.AppStore|ARM.Deploy.0 = Release|ARM
		{246D44F4-F05D-4532-A5DB-5229AA78DAA7}.AppStore|iPhone.ActiveCfg = Release|x86
		{246D44F4-F05D-4532-A5DB-5229AA78DAA7}.AppStore|iPhone.Build.0 = Release|x86
		{246D44F4-F05D-4532-A5DB-5229AA78DAA7}.AppStore|iPhone.Deploy.0 = Release|x86
		{246D44F4-F05D-4532-A5DB-5229AA78DAA7}.AppStore|iPhoneSimulator.ActiveCfg = Release|x86
		{246D44F4-F05D-4532-A5DB-5229AA78DAA7}.AppStore|iPhoneSimulator.Build.0 = Release|x86
		{246D44F4-F05D-4532-A5DB-5229AA78DAA7}.AppStore|iPhoneSimulator.Deploy.0 = Release|x86
		{246D44F4-F05D-4532-A5DB-5229AA78DAA7}.AppStore|x64.ActiveCfg = Release|x64
		{246D44F4-F05D-4532-A5DB-5229AA78DAA7}.AppStore|x64.Build.0 = Release|x64
		{246D44F4-F05D-4532-A5DB-5229AA78DAA7}.AppStore|x64.Deploy.0 = Release|x64
		{246D44F4-F05D-4532-A5DB-5229AA78DAA7}.AppStore|x86.ActiveCfg = Release|x86
		{246D44F4-F05D-4532-A5DB-5229AA78DAA7}.AppStore|x86.Build.0 = Release|x86
		{246D44F4-F05D-4532-A5DB-5229AA78DAA7}.AppStore|x86.Deploy.0 = Release|x86
		{246D44F4-F05D-4532-A5DB-5229AA78DAA7}.Debug|Any CPU.ActiveCfg = Debug|x86
		{246D44F4-F05D-4532-A5DB-5229AA78DAA7}.Debug|Any CPU.Build.0 = Debug|x86
		{246D44F4-F05D-4532-A5DB-5229AA78DAA7}.Debug|Any CPU.Deploy.0 = Debug|x86
		{246D44F4-F05D-4532-A5DB-5229AA78DAA7}.Debug|ARM.ActiveCfg = Debug|ARM
		{246D44F4-F05D-4532-A5DB-5229AA78DAA7}.Debug|ARM.Build.0 = Debug|ARM
		{246D44F4-F05D-4532-A5DB-5229AA78DAA7}.Debug|ARM.Deploy.0 = Debug|ARM
		{246D44F4-F05D-4532-A5DB-5229AA78DAA7}.Debug|iPhone.ActiveCfg = Debug|x86
		{246D44F4-F05D-4532-A5DB-5229AA78DAA7}.Debug|iPhone.Build.0 = Debug|x86
		{246D44F4-F05D-4532-A5DB-5229AA78DAA7}.Debug|iPhone.Deploy.0 = Debug|x86
		{246D44F4-F05D-4532-A5DB-5229AA78DAA7}.Debug|iPhoneSimulator.ActiveCfg = Debug|x86
		{246D44F4-F05D-4532-A5DB-5229AA78DAA7}.Debug|iPhoneSimulator.Build.0 = Debug|x86
		{246D44F4-F05D-4532-A5DB-5229AA78DAA7}.Debug|iPhoneSimulator.Deploy.0 = Debug|x86
		{246D44F4-F05D-4532-A5DB-5229AA78DAA7}.Debug|x64.ActiveCfg = Debug|x64
		{246D44F4-F05D-4532-A5DB-5229AA78DAA7}.Debug|x64.Build.0 = Debug|x64
		{246D44F4-F05D-4532-A5DB-5229AA78DAA7}.Debug|x64.Deploy.0 = Debug|x64
		{246D44F4-F05D-4532-A5DB-5229AA78DAA7}.Debug|x86.ActiveCfg = Debug|x86
		{246D44F4-F05D-4532-A5DB-5229AA78DAA7}.Debug|x86.Build.0 = Debug|x86
		{246D44F4-F05D-4532-A5DB-5229AA78DAA7}.Debug|x86.Deploy.0 = Debug|x86
		{246D44F4-F05D-4532-A5DB-5229AA78DAA7}.Release|Any CPU.ActiveCfg = Release|x86
		{246D44F4-F05D-4532-A5DB-5229AA78DAA7}.Release|Any CPU.Build.0 = Release|x86
		{246D44F4-F05D-4532-A5DB-5229AA78DAA7}.Release|Any CPU.Deploy.0 = Release|x86
		{246D44F4-F05D-4532-A5DB-5229AA78DAA7}.Release|ARM.ActiveCfg = Release|ARM
		{246D44F4-F05D-4532-A5DB-5229AA78DAA7}.Release|ARM.Build.0 = Release|ARM
		{246D44F4-F05D-4532-A5DB-5229AA78DAA7}.Release|ARM.Deploy.0 = Release|ARM
		{246D44F4-F05D-4532-A5DB-5229AA78DAA7}.Release|iPhone.ActiveCfg = Release|x86
		{246D44F4-F05D-4532-A5DB-5229AA78DAA7}.Release|iPhone.Build.0 = Release|x86
		{246D44F4-F05D-4532-A5DB-5229AA78DAA7}.Release|iPhone.Deploy.0 = Release|x86
		{246D44F4-F05D-4532-A5DB-5229AA78DAA7}.Release|iPhoneSimulator.ActiveCfg = Release|x86
		{246D44F4-F05D-4532-A5DB-5229AA78DAA7}.Release|iPhoneSimulator.Build.0 = Release|x86
		{246D44F4-F05D-4532-A5DB-5229AA78DAA7}.Release|iPhoneSimulator.Deploy.0 = Release|x86
		{246D44F4-F05D-4532-A5DB-5229AA78DAA7}.Release|x64.ActiveCfg = Release|x64
		{246D44F4-F05D-4532-A5DB-5229AA78DAA7}.Release|x64.Build.0 = Release|x64
		{246D44F4-F05D-4532-A5DB-5229AA78DAA7}.Release|x64.Deploy.0 = Release|x64
		{246D44F4-F05D-4532-A5DB-5229AA78DAA7}.Release|x86.ActiveCfg = Release|x86
		{246D44F4-F05D-4532-A5DB-5229AA78DAA7}.Release|x86.Build.0 = Release|x86
		{246D44F4-F05D-4532-A5DB-5229AA78DAA7}.Release|x86.Deploy.0 = Release|x86
		{5DEBAC87-4FD1-405F-8A90-EE382A971AD3}.Ad-Hoc|Any CPU.ActiveCfg = Debug|Any CPU
		{5DEBAC87-4FD1-405F-8A90-EE382A971AD3}.Ad-Hoc|Any CPU.Build.0 = Debug|Any CPU
		{5DEBAC87-4FD1-405F-8A90-EE382A971AD3}.Ad-Hoc|Any CPU.Deploy.0 = Debug|Any CPU
		{5DEBAC87-4FD1-405F-8A90-EE382A971AD3}.Ad-Hoc|ARM.ActiveCfg = Debug|Any CPU
		{5DEBAC87-4FD1-405F-8A90-EE382A971AD3}.Ad-Hoc|ARM.Build.0 = Debug|Any CPU
		{5DEBAC87-4FD1-405F-8A90-EE382A971AD3}.Ad-Hoc|ARM.Deploy.0 = Debug|Any CPU
		{5DEBAC87-4FD1-405F-8A90-EE382A971AD3}.Ad-Hoc|iPhone.ActiveCfg = Debug|Any CPU
		{5DEBAC87-4FD1-405F-8A90-EE382A971AD3}.Ad-Hoc|iPhone.Build.0 = Debug|Any CPU
		{5DEBAC87-4FD1-405F-8A90-EE382A971AD3}.Ad-Hoc|iPhone.Deploy.0 = Debug|Any CPU
		{5DEBAC87-4FD1-405F-8A90-EE382A971AD3}.Ad-Hoc|iPhoneSimulator.ActiveCfg = Debug|Any CPU
		{5DEBAC87-4FD1-405F-8A90-EE382A971AD3}.Ad-Hoc|iPhoneSimulator.Build.0 = Debug|Any CPU
		{5DEBAC87-4FD1-405F-8A90-EE382A971AD3}.Ad-Hoc|iPhoneSimulator.Deploy.0 = Debug|Any CPU
		{5DEBAC87-4FD1-405F-8A90-EE382A971AD3}.Ad-Hoc|x64.ActiveCfg = Debug|Any CPU
		{5DEBAC87-4FD1-405F-8A90-EE382A971AD3}.Ad-Hoc|x64.Build.0 = Debug|Any CPU
		{5DEBAC87-4FD1-405F-8A90-EE382A971AD3}.Ad-Hoc|x64.Deploy.0 = Debug|Any CPU
		{5DEBAC87-4FD1-405F-8A90-EE382A971AD3}.Ad-Hoc|x86.ActiveCfg = Debug|Any CPU
		{5DEBAC87-4FD1-405F-8A90-EE382A971AD3}.Ad-Hoc|x86.Build.0 = Debug|Any CPU
		{5DEBAC87-4FD1-405F-8A90-EE382A971AD3}.Ad-Hoc|x86.Deploy.0 = Debug|Any CPU
		{5DEBAC87-4FD1-405F-8A90-EE382A971AD3}.AppStore|Any CPU.ActiveCfg = Debug|Any CPU
		{5DEBAC87-4FD1-405F-8A90-EE382A971AD3}.AppStore|Any CPU.Build.0 = Debug|Any CPU
		{5DEBAC87-4FD1-405F-8A90-EE382A971AD3}.AppStore|Any CPU.Deploy.0 = Debug|Any CPU
		{5DEBAC87-4FD1-405F-8A90-EE382A971AD3}.AppStore|ARM.ActiveCfg = Debug|Any CPU
		{5DEBAC87-4FD1-405F-8A90-EE382A971AD3}.AppStore|ARM.Build.0 = Debug|Any CPU
		{5DEBAC87-4FD1-405F-8A90-EE382A971AD3}.AppStore|ARM.Deploy.0 = Debug|Any CPU
		{5DEBAC87-4FD1-405F-8A90-EE382A971AD3}.AppStore|iPhone.ActiveCfg = Debug|Any CPU
		{5DEBAC87-4FD1-405F-8A90-EE382A971AD3}.AppStore|iPhone.Build.0 = Debug|Any CPU
		{5DEBAC87-4FD1-405F-8A90-EE382A971AD3}.AppStore|iPhone.Deploy.0 = Debug|Any CPU
		{5DEBAC87-4FD1-405F-8A90-EE382A971AD3}.AppStore|iPhoneSimulator.ActiveCfg = Debug|Any CPU
		{5DEBAC87-4FD1-405F-8A90-EE382A971AD3}.AppStore|iPhoneSimulator.Build.0 = Debug|Any CPU
		{5DEBAC87-4FD1-405F-8A90-EE382A971AD3}.AppStore|iPhoneSimulator.Deploy.0 = Debug|Any CPU
		{5DEBAC87-4FD1-405F-8A90-EE382A971AD3}.AppStore|x64.ActiveCfg = Debug|Any CPU
		{5DEBAC87-4FD1-405F-8A90-EE382A971AD3}.AppStore|x64.Build.0 = Debug|Any CPU
		{5DEBAC87-4FD1-405F-8A90-EE382A971AD3}.AppStore|x64.Deploy.0 = Debug|Any CPU
		{5DEBAC87-4FD1-405F-8A90-EE382A971AD3}.AppStore|x86.ActiveCfg = Debug|Any CPU
		{5DEBAC87-4FD1-405F-8A90-EE382A971AD3}.AppStore|x86.Build.0 = Debug|Any CPU
		{5DEBAC87-4FD1-405F-8A90-EE382A971AD3}.AppStore|x86.Deploy.0 = Debug|Any CPU
		{5DEBAC87-4FD1-405F-8A90-EE382A971AD3}.Debug|Any CPU.ActiveCfg = Debug|Any CPU
		{5DEBAC87-4FD1-405F-8A90-EE382A971AD3}.Debug|Any CPU.Build.0 = Debug|Any CPU
		{5DEBAC87-4FD1-405F-8A90-EE382A971AD3}.Debug|Any CPU.Deploy.0 = Debug|Any CPU
		{5DEBAC87-4FD1-405F-8A90-EE382A971AD3}.Debug|ARM.ActiveCfg = Debug|Any CPU
		{5DEBAC87-4FD1-405F-8A90-EE382A971AD3}.Debug|ARM.Build.0 = Debug|Any CPU
		{5DEBAC87-4FD1-405F-8A90-EE382A971AD3}.Debug|ARM.Deploy.0 = Debug|Any CPU
		{5DEBAC87-4FD1-405F-8A90-EE382A971AD3}.Debug|iPhone.ActiveCfg = Debug|Any CPU
		{5DEBAC87-4FD1-405F-8A90-EE382A971AD3}.Debug|iPhone.Build.0 = Debug|Any CPU
		{5DEBAC87-4FD1-405F-8A90-EE382A971AD3}.Debug|iPhone.Deploy.0 = Debug|Any CPU
		{5DEBAC87-4FD1-405F-8A90-EE382A971AD3}.Debug|iPhoneSimulator.ActiveCfg = Debug|Any CPU
		{5DEBAC87-4FD1-405F-8A90-EE382A971AD3}.Debug|iPhoneSimulator.Build.0 = Debug|Any CPU
		{5DEBAC87-4FD1-405F-8A90-EE382A971AD3}.Debug|iPhoneSimulator.Deploy.0 = Debug|Any CPU
		{5DEBAC87-4FD1-405F-8A90-EE382A971AD3}.Debug|x64.ActiveCfg = Debug|Any CPU
		{5DEBAC87-4FD1-405F-8A90-EE382A971AD3}.Debug|x64.Build.0 = Debug|Any CPU
		{5DEBAC87-4FD1-405F-8A90-EE382A971AD3}.Debug|x64.Deploy.0 = Debug|Any CPU
		{5DEBAC87-4FD1-405F-8A90-EE382A971AD3}.Debug|x86.ActiveCfg = Debug|Any CPU
		{5DEBAC87-4FD1-405F-8A90-EE382A971AD3}.Debug|x86.Build.0 = Debug|Any CPU
		{5DEBAC87-4FD1-405F-8A90-EE382A971AD3}.Debug|x86.Deploy.0 = Debug|Any CPU
		{5DEBAC87-4FD1-405F-8A90-EE382A971AD3}.Release|Any CPU.ActiveCfg = Release|Any CPU
		{5DEBAC87-4FD1-405F-8A90-EE382A971AD3}.Release|Any CPU.Build.0 = Release|Any CPU
		{5DEBAC87-4FD1-405F-8A90-EE382A971AD3}.Release|Any CPU.Deploy.0 = Release|Any CPU
		{5DEBAC87-4FD1-405F-8A90-EE382A971AD3}.Release|ARM.ActiveCfg = Release|Any CPU
		{5DEBAC87-4FD1-405F-8A90-EE382A971AD3}.Release|ARM.Build.0 = Release|Any CPU
		{5DEBAC87-4FD1-405F-8A90-EE382A971AD3}.Release|ARM.Deploy.0 = Release|Any CPU
		{5DEBAC87-4FD1-405F-8A90-EE382A971AD3}.Release|iPhone.ActiveCfg = Release|Any CPU
		{5DEBAC87-4FD1-405F-8A90-EE382A971AD3}.Release|iPhone.Build.0 = Release|Any CPU
		{5DEBAC87-4FD1-405F-8A90-EE382A971AD3}.Release|iPhone.Deploy.0 = Release|Any CPU
		{5DEBAC87-4FD1-405F-8A90-EE382A971AD3}.Release|iPhoneSimulator.ActiveCfg = Release|Any CPU
		{5DEBAC87-4FD1-405F-8A90-EE382A971AD3}.Release|iPhoneSimulator.Build.0 = Release|Any CPU
		{5DEBAC87-4FD1-405F-8A90-EE382A971AD3}.Release|iPhoneSimulator.Deploy.0 = Release|Any CPU
		{5DEBAC87-4FD1-405F-8A90-EE382A971AD3}.Release|x64.ActiveCfg = Release|Any CPU
		{5DEBAC87-4FD1-405F-8A90-EE382A971AD3}.Release|x64.Build.0 = Release|Any CPU
		{5DEBAC87-4FD1-405F-8A90-EE382A971AD3}.Release|x64.Deploy.0 = Release|Any CPU
		{5DEBAC87-4FD1-405F-8A90-EE382A971AD3}.Release|x86.ActiveCfg = Release|Any CPU
		{5DEBAC87-4FD1-405F-8A90-EE382A971AD3}.Release|x86.Build.0 = Release|Any CPU
		{5DEBAC87-4FD1-405F-8A90-EE382A971AD3}.Release|x86.Deploy.0 = Release|Any CPU
	EndGlobalSection
	GlobalSection(SolutionProperties) = preSolution
		HideSolutionNode = FALSE
	EndGlobalSection
	GlobalSection(ExtensibilityGlobals) = postSolution
		SolutionGuid = {BE3E4C21-6965-4C18-815D-A0A3053A3FDA}
	EndGlobalSection
EndGlobal
